// !$*UTF8*$!
{
	archiveVersion = 1;
	classes = {
	};
	objectVersion = 46;
	objects = {

/* Begin PBXBuildFile section */
		7812AF7F14153CE900DAF81D /* InfoPlist.strings in Resources */ = {isa = PBXBuildFile; fileRef = 78DCC30C140BE3630048D4F0 /* InfoPlist.strings */; };
		78DCC2EE140BE3620048D4F0 /* Cocoa.framework in Frameworks */ = {isa = PBXBuildFile; fileRef = 78DCC2ED140BE3620048D4F0 /* Cocoa.framework */; };
		78DCC2F8140BE3620048D4F0 /* InfoPlist.strings in Resources */ = {isa = PBXBuildFile; fileRef = 78DCC2F6140BE3620048D4F0 /* InfoPlist.strings */; };
		78DCC304140BE3620048D4F0 /* SenTestingKit.framework in Frameworks */ = {isa = PBXBuildFile; fileRef = 78DCC303140BE3620048D4F0 /* SenTestingKit.framework */; };
		78DCC305140BE3620048D4F0 /* Cocoa.framework in Frameworks */ = {isa = PBXBuildFile; fileRef = 78DCC2ED140BE3620048D4F0 /* Cocoa.framework */; };
		78DCC308140BE3620048D4F0 /* RRFoundation.framework in Frameworks */ = {isa = PBXBuildFile; fileRef = 78DCC2EA140BE3620048D4F0 /* RRFoundation.framework */; };
		78DCC30E140BE3630048D4F0 /* InfoPlist.strings in Resources */ = {isa = PBXBuildFile; fileRef = 78DCC30C140BE3630048D4F0 /* InfoPlist.strings */; };
		78DCC310140BE3630048D4F0 /* RRFoundationTests.h in Resources */ = {isa = PBXBuildFile; fileRef = 78DCC30F140BE3630048D4F0 /* RRFoundationTests.h */; };
		78DCC312140BE3630048D4F0 /* RRFoundationTests.m in Sources */ = {isa = PBXBuildFile; fileRef = 78DCC311140BE3630048D4F0 /* RRFoundationTests.m */; };
		78DCC32B140BE45F0048D4F0 /* NSBundle+RRFoundation.h in Headers */ = {isa = PBXBuildFile; fileRef = 78DCC31F140BE45E0048D4F0 /* NSBundle+RRFoundation.h */; settings = {ATTRIBUTES = (Public, ); }; };
		78DCC32C140BE45F0048D4F0 /* NSBundle+RRFoundation.m in Sources */ = {isa = PBXBuildFile; fileRef = 78DCC320140BE45E0048D4F0 /* NSBundle+RRFoundation.m */; };
		78DCC32D140BE45F0048D4F0 /* NSRegularExpression+RRFoundation.h in Headers */ = {isa = PBXBuildFile; fileRef = 78DCC321140BE45E0048D4F0 /* NSRegularExpression+RRFoundation.h */; settings = {ATTRIBUTES = (Public, ); }; };
		78DCC32E140BE45F0048D4F0 /* NSRegularExpression+RRFoundation.m in Sources */ = {isa = PBXBuildFile; fileRef = 78DCC322140BE45E0048D4F0 /* NSRegularExpression+RRFoundation.m */; };
		78DCC32F140BE45F0048D4F0 /* NSSet+RRFoundation.h in Headers */ = {isa = PBXBuildFile; fileRef = 78DCC323140BE45E0048D4F0 /* NSSet+RRFoundation.h */; settings = {ATTRIBUTES = (Public, ); }; };
		78DCC330140BE45F0048D4F0 /* NSSet+RRFoundation.m in Sources */ = {isa = PBXBuildFile; fileRef = 78DCC324140BE45E0048D4F0 /* NSSet+RRFoundation.m */; };
		78DCC331140BE45F0048D4F0 /* RRAppName.h in Headers */ = {isa = PBXBuildFile; fileRef = 78DCC325140BE45E0048D4F0 /* RRAppName.h */; settings = {ATTRIBUTES = (Public, ); }; };
		78DCC332140BE45F0048D4F0 /* RRAppName.m in Sources */ = {isa = PBXBuildFile; fileRef = 78DCC326140BE45E0048D4F0 /* RRAppName.m */; };
		78DCC333140BE45F0048D4F0 /* RRURLForAppDirectory.h in Headers */ = {isa = PBXBuildFile; fileRef = 78DCC327140BE45E0048D4F0 /* RRURLForAppDirectory.h */; settings = {ATTRIBUTES = (Public, ); }; };
		78DCC334140BE45F0048D4F0 /* RRURLForAppDirectory.m in Sources */ = {isa = PBXBuildFile; fileRef = 78DCC328140BE45E0048D4F0 /* RRURLForAppDirectory.m */; };
		78DCC335140BE45F0048D4F0 /* Versioning.h in Headers */ = {isa = PBXBuildFile; fileRef = 78DCC329140BE45E0048D4F0 /* Versioning.h */; settings = {ATTRIBUTES = (Public, ); }; };
		78DCC336140BE45F0048D4F0 /* Versioning.m in Sources */ = {isa = PBXBuildFile; fileRef = 78DCC32A140BE45E0048D4F0 /* Versioning.m */; };
		78DCC340140BE4E40048D4F0 /* Foundation.framework in Frameworks */ = {isa = PBXBuildFile; fileRef = 78DCC33F140BE4E40048D4F0 /* Foundation.framework */; };
		78DCC34D140BE4E40048D4F0 /* SenTestingKit.framework in Frameworks */ = {isa = PBXBuildFile; fileRef = 78DCC303140BE3620048D4F0 /* SenTestingKit.framework */; };
		78DCC350140BE4E40048D4F0 /* Foundation.framework in Frameworks */ = {isa = PBXBuildFile; fileRef = 78DCC33F140BE4E40048D4F0 /* Foundation.framework */; };
		78DCC355140BE4E40048D4F0 /* libRRFoundation.a in Frameworks */ = {isa = PBXBuildFile; fileRef = 78DCC33E140BE4E40048D4F0 /* libRRFoundation.a */; };
		78DCC366140BE5390048D4F0 /* RRFoundationTests.m in Sources */ = {isa = PBXBuildFile; fileRef = 78DCC311140BE3630048D4F0 /* RRFoundationTests.m */; };
		78DCC367140BE5540048D4F0 /* RRFoundation.h in Headers */ = {isa = PBXBuildFile; fileRef = 78DCC2FA140BE3620048D4F0 /* RRFoundation.h */; settings = {ATTRIBUTES = (Public, ); }; };
		78DCC368140BE5590048D4F0 /* RRFoundation.h in Headers */ = {isa = PBXBuildFile; fileRef = 78DCC2FA140BE3620048D4F0 /* RRFoundation.h */; settings = {ATTRIBUTES = (Public, ); }; };
		78DCC369140BE5590048D4F0 /* NSBundle+RRFoundation.h in Headers */ = {isa = PBXBuildFile; fileRef = 78DCC31F140BE45E0048D4F0 /* NSBundle+RRFoundation.h */; settings = {ATTRIBUTES = (Public, ); }; };
		78DCC36A140BE5590048D4F0 /* NSBundle+RRFoundation.m in Sources */ = {isa = PBXBuildFile; fileRef = 78DCC320140BE45E0048D4F0 /* NSBundle+RRFoundation.m */; };
		78DCC36B140BE5590048D4F0 /* NSRegularExpression+RRFoundation.h in Headers */ = {isa = PBXBuildFile; fileRef = 78DCC321140BE45E0048D4F0 /* NSRegularExpression+RRFoundation.h */; settings = {ATTRIBUTES = (Public, ); }; };
		78DCC36C140BE5590048D4F0 /* NSRegularExpression+RRFoundation.m in Sources */ = {isa = PBXBuildFile; fileRef = 78DCC322140BE45E0048D4F0 /* NSRegularExpression+RRFoundation.m */; };
		78DCC36D140BE5590048D4F0 /* NSSet+RRFoundation.h in Headers */ = {isa = PBXBuildFile; fileRef = 78DCC323140BE45E0048D4F0 /* NSSet+RRFoundation.h */; settings = {ATTRIBUTES = (Public, ); }; };
		78DCC36E140BE5590048D4F0 /* NSSet+RRFoundation.m in Sources */ = {isa = PBXBuildFile; fileRef = 78DCC324140BE45E0048D4F0 /* NSSet+RRFoundation.m */; };
		78DCC36F140BE5590048D4F0 /* RRAppName.h in Headers */ = {isa = PBXBuildFile; fileRef = 78DCC325140BE45E0048D4F0 /* RRAppName.h */; settings = {ATTRIBUTES = (Public, ); }; };
		78DCC370140BE5590048D4F0 /* RRAppName.m in Sources */ = {isa = PBXBuildFile; fileRef = 78DCC326140BE45E0048D4F0 /* RRAppName.m */; };
		78DCC371140BE5590048D4F0 /* RRURLForAppDirectory.h in Headers */ = {isa = PBXBuildFile; fileRef = 78DCC327140BE45E0048D4F0 /* RRURLForAppDirectory.h */; settings = {ATTRIBUTES = (Public, ); }; };
		78DCC372140BE5590048D4F0 /* RRURLForAppDirectory.m in Sources */ = {isa = PBXBuildFile; fileRef = 78DCC328140BE45E0048D4F0 /* RRURLForAppDirectory.m */; };
		78DCC373140BE5590048D4F0 /* Versioning.h in Headers */ = {isa = PBXBuildFile; fileRef = 78DCC329140BE45E0048D4F0 /* Versioning.h */; settings = {ATTRIBUTES = (Public, ); }; };
		78DCC374140BE5590048D4F0 /* Versioning.m in Sources */ = {isa = PBXBuildFile; fileRef = 78DCC32A140BE45E0048D4F0 /* Versioning.m */; };
/* End PBXBuildFile section */

/* Begin PBXContainerItemProxy section */
		78DCC306140BE3620048D4F0 /* PBXContainerItemProxy */ = {
			isa = PBXContainerItemProxy;
			containerPortal = 78DCC2E0140BE3620048D4F0 /* Project object */;
			proxyType = 1;
			remoteGlobalIDString = 78DCC2E9140BE3620048D4F0;
			remoteInfo = RRFoundation;
		};
		78DCC353140BE4E40048D4F0 /* PBXContainerItemProxy */ = {
			isa = PBXContainerItemProxy;
			containerPortal = 78DCC2E0140BE3620048D4F0 /* Project object */;
			proxyType = 1;
			remoteGlobalIDString = 78DCC33D140BE4E40048D4F0;
			remoteInfo = RRFoundationLibrary;
		};
/* End PBXContainerItemProxy section */

/* Begin PBXFileReference section */
		78DCC2EA140BE3620048D4F0 /* RRFoundation.framework */ = {isa = PBXFileReference; explicitFileType = wrapper.framework; includeInIndex = 0; path = RRFoundation.framework; sourceTree = BUILT_PRODUCTS_DIR; };
		78DCC2ED140BE3620048D4F0 /* Cocoa.framework */ = {isa = PBXFileReference; lastKnownFileType = wrapper.framework; name = Cocoa.framework; path = System/Library/Frameworks/Cocoa.framework; sourceTree = SDKROOT; };
		78DCC2F0140BE3620048D4F0 /* AppKit.framework */ = {isa = PBXFileReference; lastKnownFileType = wrapper.framework; name = AppKit.framework; path = System/Library/Frameworks/AppKit.framework; sourceTree = SDKROOT; };
		78DCC2F1140BE3620048D4F0 /* CoreData.framework */ = {isa = PBXFileReference; lastKnownFileType = wrapper.framework; name = CoreData.framework; path = System/Library/Frameworks/CoreData.framework; sourceTree = SDKROOT; };
		78DCC2F2140BE3620048D4F0 /* Foundation.framework */ = {isa = PBXFileReference; lastKnownFileType = wrapper.framework; name = Foundation.framework; path = System/Library/Frameworks/Foundation.framework; sourceTree = SDKROOT; };
		78DCC2F5140BE3620048D4F0 /* RRFoundation-Info.plist */ = {isa = PBXFileReference; lastKnownFileType = text.plist.xml; path = "RRFoundation-Info.plist"; sourceTree = "<group>"; };
		78DCC2F7140BE3620048D4F0 /* en */ = {isa = PBXFileReference; lastKnownFileType = text.plist.strings; name = en; path = en.lproj/InfoPlist.strings; sourceTree = "<group>"; };
		78DCC2F9140BE3620048D4F0 /* RRFoundation-Prefix.pch */ = {isa = PBXFileReference; lastKnownFileType = sourcecode.c.h; path = "RRFoundation-Prefix.pch"; sourceTree = "<group>"; };
		78DCC2FA140BE3620048D4F0 /* RRFoundation.h */ = {isa = PBXFileReference; lastKnownFileType = sourcecode.c.h; path = RRFoundation.h; sourceTree = "<group>"; };
		78DCC302140BE3620048D4F0 /* RRFoundationTests.octest */ = {isa = PBXFileReference; explicitFileType = wrapper.cfbundle; includeInIndex = 0; path = RRFoundationTests.octest; sourceTree = BUILT_PRODUCTS_DIR; };
		78DCC303140BE3620048D4F0 /* SenTestingKit.framework */ = {isa = PBXFileReference; lastKnownFileType = wrapper.framework; name = SenTestingKit.framework; path = Library/Frameworks/SenTestingKit.framework; sourceTree = DEVELOPER_DIR; };
		78DCC30B140BE3630048D4F0 /* RRFoundationTests-Info.plist */ = {isa = PBXFileReference; lastKnownFileType = text.plist.xml; path = "RRFoundationTests-Info.plist"; sourceTree = "<group>"; };
		78DCC30D140BE3630048D4F0 /* en */ = {isa = PBXFileReference; lastKnownFileType = text.plist.strings; name = en; path = en.lproj/InfoPlist.strings; sourceTree = "<group>"; };
		78DCC30F140BE3630048D4F0 /* RRFoundationTests.h */ = {isa = PBXFileReference; lastKnownFileType = sourcecode.c.h; path = RRFoundationTests.h; sourceTree = "<group>"; };
		78DCC311140BE3630048D4F0 /* RRFoundationTests.m */ = {isa = PBXFileReference; lastKnownFileType = sourcecode.c.objc; path = RRFoundationTests.m; sourceTree = "<group>"; };
		78DCC31F140BE45E0048D4F0 /* NSBundle+RRFoundation.h */ = {isa = PBXFileReference; fileEncoding = 4; lastKnownFileType = sourcecode.c.h; path = "NSBundle+RRFoundation.h"; sourceTree = "<group>"; };
		78DCC320140BE45E0048D4F0 /* NSBundle+RRFoundation.m */ = {isa = PBXFileReference; fileEncoding = 4; lastKnownFileType = sourcecode.c.objc; path = "NSBundle+RRFoundation.m"; sourceTree = "<group>"; };
		78DCC321140BE45E0048D4F0 /* NSRegularExpression+RRFoundation.h */ = {isa = PBXFileReference; fileEncoding = 4; lastKnownFileType = sourcecode.c.h; path = "NSRegularExpression+RRFoundation.h"; sourceTree = "<group>"; };
		78DCC322140BE45E0048D4F0 /* NSRegularExpression+RRFoundation.m */ = {isa = PBXFileReference; fileEncoding = 4; lastKnownFileType = sourcecode.c.objc; path = "NSRegularExpression+RRFoundation.m"; sourceTree = "<group>"; };
		78DCC323140BE45E0048D4F0 /* NSSet+RRFoundation.h */ = {isa = PBXFileReference; fileEncoding = 4; lastKnownFileType = sourcecode.c.h; path = "NSSet+RRFoundation.h"; sourceTree = "<group>"; };
		78DCC324140BE45E0048D4F0 /* NSSet+RRFoundation.m */ = {isa = PBXFileReference; fileEncoding = 4; lastKnownFileType = sourcecode.c.objc; path = "NSSet+RRFoundation.m"; sourceTree = "<group>"; };
		78DCC325140BE45E0048D4F0 /* RRAppName.h */ = {isa = PBXFileReference; fileEncoding = 4; lastKnownFileType = sourcecode.c.h; path = RRAppName.h; sourceTree = "<group>"; };
		78DCC326140BE45E0048D4F0 /* RRAppName.m */ = {isa = PBXFileReference; fileEncoding = 4; lastKnownFileType = sourcecode.c.objc; path = RRAppName.m; sourceTree = "<group>"; };
		78DCC327140BE45E0048D4F0 /* RRURLForAppDirectory.h */ = {isa = PBXFileReference; fileEncoding = 4; lastKnownFileType = sourcecode.c.h; path = RRURLForAppDirectory.h; sourceTree = "<group>"; };
		78DCC328140BE45E0048D4F0 /* RRURLForAppDirectory.m */ = {isa = PBXFileReference; fileEncoding = 4; lastKnownFileType = sourcecode.c.objc; path = RRURLForAppDirectory.m; sourceTree = "<group>"; };
		78DCC329140BE45E0048D4F0 /* Versioning.h */ = {isa = PBXFileReference; fileEncoding = 4; lastKnownFileType = sourcecode.c.h; path = Versioning.h; sourceTree = "<group>"; };
		78DCC32A140BE45E0048D4F0 /* Versioning.m */ = {isa = PBXFileReference; fileEncoding = 4; lastKnownFileType = sourcecode.c.objc; path = Versioning.m; sourceTree = "<group>"; };
		78DCC33E140BE4E40048D4F0 /* libRRFoundation.a */ = {isa = PBXFileReference; explicitFileType = archive.ar; includeInIndex = 0; path = libRRFoundation.a; sourceTree = BUILT_PRODUCTS_DIR; };
		78DCC33F140BE4E40048D4F0 /* Foundation.framework */ = {isa = PBXFileReference; lastKnownFileType = wrapper.framework; name = Foundation.framework; path = System/Library/Frameworks/Foundation.framework; sourceTree = SDKROOT; };
		78DCC34C140BE4E40048D4F0 /* RRFoundationLibraryTests.octest */ = {isa = PBXFileReference; explicitFileType = wrapper.cfbundle; includeInIndex = 0; path = RRFoundationLibraryTests.octest; sourceTree = BUILT_PRODUCTS_DIR; };
/* End PBXFileReference section */

/* Begin PBXFrameworksBuildPhase section */
		78DCC2E6140BE3620048D4F0 /* Frameworks */ = {
			isa = PBXFrameworksBuildPhase;
			buildActionMask = 2147483647;
			files = (
				78DCC2EE140BE3620048D4F0 /* Cocoa.framework in Frameworks */,
			);
			runOnlyForDeploymentPostprocessing = 0;
		};
		78DCC2FE140BE3620048D4F0 /* Frameworks */ = {
			isa = PBXFrameworksBuildPhase;
			buildActionMask = 2147483647;
			files = (
				78DCC304140BE3620048D4F0 /* SenTestingKit.framework in Frameworks */,
				78DCC305140BE3620048D4F0 /* Cocoa.framework in Frameworks */,
				78DCC308140BE3620048D4F0 /* RRFoundation.framework in Frameworks */,
			);
			runOnlyForDeploymentPostprocessing = 0;
		};
		78DCC33B140BE4E40048D4F0 /* Frameworks */ = {
			isa = PBXFrameworksBuildPhase;
			buildActionMask = 2147483647;
			files = (
				78DCC340140BE4E40048D4F0 /* Foundation.framework in Frameworks */,
			);
			runOnlyForDeploymentPostprocessing = 0;
		};
		78DCC348140BE4E40048D4F0 /* Frameworks */ = {
			isa = PBXFrameworksBuildPhase;
			buildActionMask = 2147483647;
			files = (
				78DCC34D140BE4E40048D4F0 /* SenTestingKit.framework in Frameworks */,
				78DCC350140BE4E40048D4F0 /* Foundation.framework in Frameworks */,
				78DCC355140BE4E40048D4F0 /* libRRFoundation.a in Frameworks */,
			);
			runOnlyForDeploymentPostprocessing = 0;
		};
/* End PBXFrameworksBuildPhase section */

/* Begin PBXGroup section */
		78DCC2DE140BE3620048D4F0 = {
			isa = PBXGroup;
			children = (
				78DCC2F3140BE3620048D4F0 /* RRFoundation */,
				78DCC309140BE3620048D4F0 /* RRFoundationTests */,
				78DCC2EC140BE3620048D4F0 /* Frameworks */,
				78DCC2EB140BE3620048D4F0 /* Products */,
			);
			sourceTree = "<group>";
		};
		78DCC2EB140BE3620048D4F0 /* Products */ = {
			isa = PBXGroup;
			children = (
				78DCC2EA140BE3620048D4F0 /* RRFoundation.framework */,
				78DCC302140BE3620048D4F0 /* RRFoundationTests.octest */,
				78DCC33E140BE4E40048D4F0 /* libRRFoundation.a */,
				78DCC34C140BE4E40048D4F0 /* RRFoundationLibraryTests.octest */,
			);
			name = Products;
			sourceTree = "<group>";
		};
		78DCC2EC140BE3620048D4F0 /* Frameworks */ = {
			isa = PBXGroup;
			children = (
				78DCC2ED140BE3620048D4F0 /* Cocoa.framework */,
				78DCC303140BE3620048D4F0 /* SenTestingKit.framework */,
				78DCC33F140BE4E40048D4F0 /* Foundation.framework */,
				78DCC2EF140BE3620048D4F0 /* Other Frameworks */,
			);
			name = Frameworks;
			sourceTree = "<group>";
		};
		78DCC2EF140BE3620048D4F0 /* Other Frameworks */ = {
			isa = PBXGroup;
			children = (
				78DCC2F0140BE3620048D4F0 /* AppKit.framework */,
				78DCC2F1140BE3620048D4F0 /* CoreData.framework */,
				78DCC2F2140BE3620048D4F0 /* Foundation.framework */,
			);
			name = "Other Frameworks";
			sourceTree = "<group>";
		};
		78DCC2F3140BE3620048D4F0 /* RRFoundation */ = {
			isa = PBXGroup;
			children = (
				78DCC2FA140BE3620048D4F0 /* RRFoundation.h */,
				78DCC31F140BE45E0048D4F0 /* NSBundle+RRFoundation.h */,
				78DCC320140BE45E0048D4F0 /* NSBundle+RRFoundation.m */,
				78DCC321140BE45E0048D4F0 /* NSRegularExpression+RRFoundation.h */,
				78DCC322140BE45E0048D4F0 /* NSRegularExpression+RRFoundation.m */,
				78DCC323140BE45E0048D4F0 /* NSSet+RRFoundation.h */,
				78DCC324140BE45E0048D4F0 /* NSSet+RRFoundation.m */,
				78DCC325140BE45E0048D4F0 /* RRAppName.h */,
				78DCC326140BE45E0048D4F0 /* RRAppName.m */,
				78DCC327140BE45E0048D4F0 /* RRURLForAppDirectory.h */,
				78DCC328140BE45E0048D4F0 /* RRURLForAppDirectory.m */,
				78DCC329140BE45E0048D4F0 /* Versioning.h */,
				78DCC32A140BE45E0048D4F0 /* Versioning.m */,
				78DCC2F4140BE3620048D4F0 /* Supporting Files */,
			);
			path = RRFoundation;
			sourceTree = "<group>";
		};
		78DCC2F4140BE3620048D4F0 /* Supporting Files */ = {
			isa = PBXGroup;
			children = (
				78DCC2F5140BE3620048D4F0 /* RRFoundation-Info.plist */,
				78DCC2F6140BE3620048D4F0 /* InfoPlist.strings */,
				78DCC2F9140BE3620048D4F0 /* RRFoundation-Prefix.pch */,
			);
			name = "Supporting Files";
			sourceTree = "<group>";
		};
		78DCC309140BE3620048D4F0 /* RRFoundationTests */ = {
			isa = PBXGroup;
			children = (
				78DCC30F140BE3630048D4F0 /* RRFoundationTests.h */,
				78DCC311140BE3630048D4F0 /* RRFoundationTests.m */,
				78DCC30A140BE3630048D4F0 /* Supporting Files */,
			);
			path = RRFoundationTests;
			sourceTree = "<group>";
		};
		78DCC30A140BE3630048D4F0 /* Supporting Files */ = {
			isa = PBXGroup;
			children = (
				78DCC30B140BE3630048D4F0 /* RRFoundationTests-Info.plist */,
				78DCC30C140BE3630048D4F0 /* InfoPlist.strings */,
			);
			name = "Supporting Files";
			sourceTree = "<group>";
		};
/* End PBXGroup section */

/* Begin PBXHeadersBuildPhase section */
		78DCC2E7140BE3620048D4F0 /* Headers */ = {
			isa = PBXHeadersBuildPhase;
			buildActionMask = 2147483647;
			files = (
				78DCC32B140BE45F0048D4F0 /* NSBundle+RRFoundation.h in Headers */,
				78DCC32D140BE45F0048D4F0 /* NSRegularExpression+RRFoundation.h in Headers */,
				78DCC32F140BE45F0048D4F0 /* NSSet+RRFoundation.h in Headers */,
				78DCC331140BE45F0048D4F0 /* RRAppName.h in Headers */,
				78DCC333140BE45F0048D4F0 /* RRURLForAppDirectory.h in Headers */,
				78DCC335140BE45F0048D4F0 /* Versioning.h in Headers */,
				78DCC367140BE5540048D4F0 /* RRFoundation.h in Headers */,
			);
			runOnlyForDeploymentPostprocessing = 0;
		};
		78DCC33C140BE4E40048D4F0 /* Headers */ = {
			isa = PBXHeadersBuildPhase;
			buildActionMask = 2147483647;
			files = (
				78DCC368140BE5590048D4F0 /* RRFoundation.h in Headers */,
				78DCC369140BE5590048D4F0 /* NSBundle+RRFoundation.h in Headers */,
				78DCC36B140BE5590048D4F0 /* NSRegularExpression+RRFoundation.h in Headers */,
				78DCC36D140BE5590048D4F0 /* NSSet+RRFoundation.h in Headers */,
				78DCC36F140BE5590048D4F0 /* RRAppName.h in Headers */,
				78DCC371140BE5590048D4F0 /* RRURLForAppDirectory.h in Headers */,
				78DCC373140BE5590048D4F0 /* Versioning.h in Headers */,
			);
			runOnlyForDeploymentPostprocessing = 0;
		};
/* End PBXHeadersBuildPhase section */

/* Begin PBXNativeTarget section */
		78DCC2E9140BE3620048D4F0 /* RRFoundationFramework */ = {
			isa = PBXNativeTarget;
			buildConfigurationList = 78DCC315140BE3630048D4F0 /* Build configuration list for PBXNativeTarget "RRFoundationFramework" */;
			buildPhases = (
				78DCC2E5140BE3620048D4F0 /* Sources */,
				78DCC2E6140BE3620048D4F0 /* Frameworks */,
				78DCC2E7140BE3620048D4F0 /* Headers */,
				78DCC2E8140BE3620048D4F0 /* Resources */,
			);
			buildRules = (
			);
			dependencies = (
			);
			name = RRFoundationFramework;
			productName = RRFoundation;
			productReference = 78DCC2EA140BE3620048D4F0 /* RRFoundation.framework */;
			productType = "com.apple.product-type.framework";
		};
		78DCC301140BE3620048D4F0 /* RRFoundationFrameworkTests */ = {
			isa = PBXNativeTarget;
			buildConfigurationList = 78DCC318140BE3630048D4F0 /* Build configuration list for PBXNativeTarget "RRFoundationFrameworkTests" */;
			buildPhases = (
				78DCC2FD140BE3620048D4F0 /* Sources */,
				78DCC2FE140BE3620048D4F0 /* Frameworks */,
				78DCC2FF140BE3620048D4F0 /* Resources */,
				78DCC300140BE3620048D4F0 /* ShellScript */,
			);
			buildRules = (
			);
			dependencies = (
				78DCC307140BE3620048D4F0 /* PBXTargetDependency */,
			);
			name = RRFoundationFrameworkTests;
			productName = RRFoundationTests;
			productReference = 78DCC302140BE3620048D4F0 /* RRFoundationTests.octest */;
			productType = "com.apple.product-type.bundle";
		};
		78DCC33D140BE4E40048D4F0 /* RRFoundationLibrary */ = {
			isa = PBXNativeTarget;
			buildConfigurationList = 78DCC360140BE4E40048D4F0 /* Build configuration list for PBXNativeTarget "RRFoundationLibrary" */;
			buildPhases = (
				78DCC33A140BE4E40048D4F0 /* Sources */,
				78DCC33B140BE4E40048D4F0 /* Frameworks */,
				78DCC33C140BE4E40048D4F0 /* Headers */,
			);
			buildRules = (
			);
			dependencies = (
			);
			name = RRFoundationLibrary;
			productName = RRFoundationLibrary;
			productReference = 78DCC33E140BE4E40048D4F0 /* libRRFoundation.a */;
			productType = "com.apple.product-type.library.static";
		};
		78DCC34B140BE4E40048D4F0 /* RRFoundationLibraryTests */ = {
			isa = PBXNativeTarget;
			buildConfigurationList = 78DCC363140BE4E40048D4F0 /* Build configuration list for PBXNativeTarget "RRFoundationLibraryTests" */;
			buildPhases = (
				78DCC347140BE4E40048D4F0 /* Sources */,
				78DCC348140BE4E40048D4F0 /* Frameworks */,
				78DCC349140BE4E40048D4F0 /* Resources */,
				78DCC34A140BE4E40048D4F0 /* ShellScript */,
			);
			buildRules = (
			);
			dependencies = (
				78DCC354140BE4E40048D4F0 /* PBXTargetDependency */,
			);
			name = RRFoundationLibraryTests;
			productName = RRFoundationLibraryTests;
			productReference = 78DCC34C140BE4E40048D4F0 /* RRFoundationLibraryTests.octest */;
			productType = "com.apple.product-type.bundle";
		};
/* End PBXNativeTarget section */

/* Begin PBXProject section */
		78DCC2E0140BE3620048D4F0 /* Project object */ = {
			isa = PBXProject;
			attributes = {
				ORGANIZATIONNAME = "Pioneering Software, United Kingdom";
			};
			buildConfigurationList = 78DCC2E3140BE3620048D4F0 /* Build configuration list for PBXProject "RRFoundation" */;
			compatibilityVersion = "Xcode 3.2";
			developmentRegion = English;
			hasScannedForEncodings = 0;
			knownRegions = (
				en,
			);
			mainGroup = 78DCC2DE140BE3620048D4F0;
			productRefGroup = 78DCC2EB140BE3620048D4F0 /* Products */;
			projectDirPath = "";
			projectRoot = "";
			targets = (
				78DCC2E9140BE3620048D4F0 /* RRFoundationFramework */,
				78DCC301140BE3620048D4F0 /* RRFoundationFrameworkTests */,
				78DCC33D140BE4E40048D4F0 /* RRFoundationLibrary */,
				78DCC34B140BE4E40048D4F0 /* RRFoundationLibraryTests */,
			);
		};
/* End PBXProject section */

/* Begin PBXResourcesBuildPhase section */
		78DCC2E8140BE3620048D4F0 /* Resources */ = {
			isa = PBXResourcesBuildPhase;
			buildActionMask = 2147483647;
			files = (
				78DCC2F8140BE3620048D4F0 /* InfoPlist.strings in Resources */,
			);
			runOnlyForDeploymentPostprocessing = 0;
		};
		78DCC2FF140BE3620048D4F0 /* Resources */ = {
			isa = PBXResourcesBuildPhase;
			buildActionMask = 2147483647;
			files = (
				78DCC30E140BE3630048D4F0 /* InfoPlist.strings in Resources */,
				78DCC310140BE3630048D4F0 /* RRFoundationTests.h in Resources */,
			);
			runOnlyForDeploymentPostprocessing = 0;
		};
		78DCC349140BE4E40048D4F0 /* Resources */ = {
			isa = PBXResourcesBuildPhase;
			buildActionMask = 2147483647;
			files = (
				7812AF7F14153CE900DAF81D /* InfoPlist.strings in Resources */,
			);
			runOnlyForDeploymentPostprocessing = 0;
		};
/* End PBXResourcesBuildPhase section */

/* Begin PBXShellScriptBuildPhase section */
		78DCC300140BE3620048D4F0 /* ShellScript */ = {
			isa = PBXShellScriptBuildPhase;
			buildActionMask = 2147483647;
			files = (
			);
			inputPaths = (
			);
			outputPaths = (
			);
			runOnlyForDeploymentPostprocessing = 0;
			shellPath = /bin/sh;
			shellScript = "# Run the unit tests in this test bundle.\n\"${SYSTEM_DEVELOPER_DIR}/Tools/RunUnitTests\"\n";
		};
		78DCC34A140BE4E40048D4F0 /* ShellScript */ = {
			isa = PBXShellScriptBuildPhase;
			buildActionMask = 2147483647;
			files = (
			);
			inputPaths = (
			);
			outputPaths = (
			);
			runOnlyForDeploymentPostprocessing = 0;
			shellPath = /bin/sh;
			shellScript = "# Run the unit tests in this test bundle.\n\"${SYSTEM_DEVELOPER_DIR}/Tools/RunUnitTests\"\n";
		};
/* End PBXShellScriptBuildPhase section */

/* Begin PBXSourcesBuildPhase section */
		78DCC2E5140BE3620048D4F0 /* Sources */ = {
			isa = PBXSourcesBuildPhase;
			buildActionMask = 2147483647;
			files = (
				78DCC32C140BE45F0048D4F0 /* NSBundle+RRFoundation.m in Sources */,
				78DCC32E140BE45F0048D4F0 /* NSRegularExpression+RRFoundation.m in Sources */,
				78DCC330140BE45F0048D4F0 /* NSSet+RRFoundation.m in Sources */,
				78DCC332140BE45F0048D4F0 /* RRAppName.m in Sources */,
				78DCC334140BE45F0048D4F0 /* RRURLForAppDirectory.m in Sources */,
				78DCC336140BE45F0048D4F0 /* Versioning.m in Sources */,
			);
			runOnlyForDeploymentPostprocessing = 0;
		};
		78DCC2FD140BE3620048D4F0 /* Sources */ = {
			isa = PBXSourcesBuildPhase;
			buildActionMask = 2147483647;
			files = (
				78DCC312140BE3630048D4F0 /* RRFoundationTests.m in Sources */,
			);
			runOnlyForDeploymentPostprocessing = 0;
		};
		78DCC33A140BE4E40048D4F0 /* Sources */ = {
			isa = PBXSourcesBuildPhase;
			buildActionMask = 2147483647;
			files = (
				78DCC36A140BE5590048D4F0 /* NSBundle+RRFoundation.m in Sources */,
				78DCC36C140BE5590048D4F0 /* NSRegularExpression+RRFoundation.m in Sources */,
				78DCC36E140BE5590048D4F0 /* NSSet+RRFoundation.m in Sources */,
				78DCC370140BE5590048D4F0 /* RRAppName.m in Sources */,
				78DCC372140BE5590048D4F0 /* RRURLForAppDirectory.m in Sources */,
				78DCC374140BE5590048D4F0 /* Versioning.m in Sources */,
			);
			runOnlyForDeploymentPostprocessing = 0;
		};
		78DCC347140BE4E40048D4F0 /* Sources */ = {
			isa = PBXSourcesBuildPhase;
			buildActionMask = 2147483647;
			files = (
				78DCC366140BE5390048D4F0 /* RRFoundationTests.m in Sources */,
			);
			runOnlyForDeploymentPostprocessing = 0;
		};
/* End PBXSourcesBuildPhase section */

/* Begin PBXTargetDependency section */
		78DCC307140BE3620048D4F0 /* PBXTargetDependency */ = {
			isa = PBXTargetDependency;
			target = 78DCC2E9140BE3620048D4F0 /* RRFoundationFramework */;
			targetProxy = 78DCC306140BE3620048D4F0 /* PBXContainerItemProxy */;
		};
		78DCC354140BE4E40048D4F0 /* PBXTargetDependency */ = {
			isa = PBXTargetDependency;
			target = 78DCC33D140BE4E40048D4F0 /* RRFoundationLibrary */;
			targetProxy = 78DCC353140BE4E40048D4F0 /* PBXContainerItemProxy */;
		};
/* End PBXTargetDependency section */

/* Begin PBXVariantGroup section */
		78DCC2F6140BE3620048D4F0 /* InfoPlist.strings */ = {
			isa = PBXVariantGroup;
			children = (
				78DCC2F7140BE3620048D4F0 /* en */,
			);
			name = InfoPlist.strings;
			sourceTree = "<group>";
		};
		78DCC30C140BE3630048D4F0 /* InfoPlist.strings */ = {
			isa = PBXVariantGroup;
			children = (
				78DCC30D140BE3630048D4F0 /* en */,
			);
			name = InfoPlist.strings;
			sourceTree = "<group>";
		};
/* End PBXVariantGroup section */

/* Begin XCBuildConfiguration section */
		78DCC313140BE3630048D4F0 /* Debug */ = {
			isa = XCBuildConfiguration;
			buildSettings = {
				ALWAYS_SEARCH_USER_PATHS = NO;
				ARCHS = "$(ARCHS_STANDARD_64_BIT)";
				COPY_PHASE_STRIP = NO;
				CURRENT_PROJECT_VERSION = 12.0;
				GCC_C_LANGUAGE_STANDARD = gnu99;
				GCC_DYNAMIC_NO_PIC = NO;
				GCC_ENABLE_OBJC_EXCEPTIONS = YES;
				GCC_OPTIMIZATION_LEVEL = 0;
				GCC_PREPROCESSOR_DEFINITIONS = (
					"DEBUG=1",
					"$(inherited)",
				);
				GCC_SYMBOLS_PRIVATE_EXTERN = NO;
				GCC_VERSION = com.apple.compilers.llvm.clang.1_0;
				GCC_WARN_64_TO_32_BIT_CONVERSION = YES;
				GCC_WARN_ABOUT_MISSING_PROTOTYPES = YES;
				GCC_WARN_ABOUT_RETURN_TYPE = YES;
				GCC_WARN_UNUSED_VARIABLE = YES;
				MACOSX_DEPLOYMENT_TARGET = 10.7;
				ONLY_ACTIVE_ARCH = YES;
				PUBLIC_HEADERS_FOLDER_PATH = "/include/$(PROJECT_NAME)";
				SDKROOT = macosx;
				VERSIONING_SYSTEM = "apple-generic";
				VERSION_INFO_PREFIX = k;
			};
			name = Debug;
		};
		78DCC314140BE3630048D4F0 /* Release */ = {
			isa = XCBuildConfiguration;
			buildSettings = {
				ALWAYS_SEARCH_USER_PATHS = NO;
				ARCHS = "$(ARCHS_STANDARD_64_BIT)";
				COPY_PHASE_STRIP = YES;
				CURRENT_PROJECT_VERSION = 12.0;
				DEBUG_INFORMATION_FORMAT = "dwarf-with-dsym";
				GCC_C_LANGUAGE_STANDARD = gnu99;
				GCC_ENABLE_OBJC_EXCEPTIONS = YES;
				GCC_VERSION = com.apple.compilers.llvm.clang.1_0;
				GCC_WARN_64_TO_32_BIT_CONVERSION = YES;
				GCC_WARN_ABOUT_MISSING_PROTOTYPES = YES;
				GCC_WARN_ABOUT_RETURN_TYPE = YES;
				GCC_WARN_UNUSED_VARIABLE = YES;
				MACOSX_DEPLOYMENT_TARGET = 10.7;
				PUBLIC_HEADERS_FOLDER_PATH = "/include/$(PROJECT_NAME)";
				SDKROOT = macosx;
				VERSIONING_SYSTEM = "apple-generic";
				VERSION_INFO_PREFIX = k;
			};
			name = Release;
		};
		78DCC316140BE3630048D4F0 /* Debug */ = {
			isa = XCBuildConfiguration;
			buildSettings = {
				DYLIB_COMPATIBILITY_VERSION = 1;
				DYLIB_CURRENT_VERSION = 12.0;
				FRAMEWORK_VERSION = A;
				GCC_PRECOMPILE_PREFIX_HEADER = YES;
				GCC_PREFIX_HEADER = "RRFoundation/RRFoundation-Prefix.pch";
				INFOPLIST_FILE = "RRFoundation/RRFoundation-Info.plist";
				PRODUCT_NAME = "$(PROJECT_NAME)";
				WRAPPER_EXTENSION = framework;
			};
			name = Debug;
		};
		78DCC317140BE3630048D4F0 /* Release */ = {
			isa = XCBuildConfiguration;
			buildSettings = {
				DYLIB_COMPATIBILITY_VERSION = 1;
				DYLIB_CURRENT_VERSION = 12.0;
				FRAMEWORK_VERSION = A;
				GCC_PRECOMPILE_PREFIX_HEADER = YES;
				GCC_PREFIX_HEADER = "RRFoundation/RRFoundation-Prefix.pch";
				INFOPLIST_FILE = "RRFoundation/RRFoundation-Info.plist";
				PRODUCT_NAME = "$(PROJECT_NAME)";
				WRAPPER_EXTENSION = framework;
			};
			name = Release;
		};
		78DCC319140BE3630048D4F0 /* Debug */ = {
			isa = XCBuildConfiguration;
			buildSettings = {
				FRAMEWORK_SEARCH_PATHS = "$(DEVELOPER_LIBRARY_DIR)/Frameworks";
				GCC_PRECOMPILE_PREFIX_HEADER = YES;
				GCC_PREFIX_HEADER = "RRFoundation/RRFoundation-Prefix.pch";
				INFOPLIST_FILE = "RRFoundationTests/RRFoundationTests-Info.plist";
				PRODUCT_NAME = "$(TARGET_NAME)";
				WRAPPER_EXTENSION = octest;
			};
			name = Debug;
		};
		78DCC31A140BE3630048D4F0 /* Release */ = {
			isa = XCBuildConfiguration;
			buildSettings = {
				FRAMEWORK_SEARCH_PATHS = "$(DEVELOPER_LIBRARY_DIR)/Frameworks";
				GCC_PRECOMPILE_PREFIX_HEADER = YES;
				GCC_PREFIX_HEADER = "RRFoundation/RRFoundation-Prefix.pch";
				INFOPLIST_FILE = "RRFoundationTests/RRFoundationTests-Info.plist";
				PRODUCT_NAME = "$(TARGET_NAME)";
				WRAPPER_EXTENSION = octest;
			};
			name = Release;
		};
		78DCC361140BE4E40048D4F0 /* Debug */ = {
			isa = XCBuildConfiguration;
			buildSettings = {
				ARCHS = "$(ARCHS_STANDARD_32_BIT)";
				DSTROOT = /tmp/RRFoundationLibrary.dst;
				GCC_PRECOMPILE_PREFIX_HEADER = YES;
				GCC_PREFIX_HEADER = "RRFoundation/RRFoundation-Prefix.pch";
				GCC_VERSION = com.apple.compilers.llvmgcc42;
				IPHONEOS_DEPLOYMENT_TARGET = 4.3;
				OTHER_LDFLAGS = "-ObjC";
				PRODUCT_NAME = "$(PROJECT_NAME)";
				SDKROOT = iphoneos;
				SKIP_INSTALL = YES;
			};
			name = Debug;
		};
		78DCC362140BE4E40048D4F0 /* Release */ = {
			isa = XCBuildConfiguration;
			buildSettings = {
				ARCHS = "$(ARCHS_STANDARD_32_BIT)";
				DSTROOT = /tmp/RRFoundationLibrary.dst;
				GCC_PRECOMPILE_PREFIX_HEADER = YES;
				GCC_PREFIX_HEADER = "RRFoundation/RRFoundation-Prefix.pch";
				GCC_VERSION = com.apple.compilers.llvmgcc42;
				IPHONEOS_DEPLOYMENT_TARGET = 4.3;
				OTHER_LDFLAGS = "-ObjC";
				PRODUCT_NAME = "$(PROJECT_NAME)";
				SDKROOT = iphoneos;
				SKIP_INSTALL = YES;
				VALIDATE_PRODUCT = YES;
			};
			name = Release;
		};
		78DCC364140BE4E40048D4F0 /* Debug */ = {
			isa = XCBuildConfiguration;
			buildSettings = {
				ARCHS = "$(ARCHS_STANDARD_32_BIT)";
				FRAMEWORK_SEARCH_PATHS = (
					"$(SDKROOT)/Developer/Library/Frameworks",
					"$(DEVELOPER_LIBRARY_DIR)/Frameworks",
				);
				GCC_PRECOMPILE_PREFIX_HEADER = YES;
				GCC_PREFIX_HEADER = "RRFoundation/RRFoundation-Prefix.pch";
				GCC_VERSION = com.apple.compilers.llvmgcc42;
				INFOPLIST_FILE = "RRFoundationTests/RRFoundationTests-Info.plist";
				IPHONEOS_DEPLOYMENT_TARGET = 4.3;
				OTHER_LDFLAGS = "-all_load";
				PRODUCT_NAME = "$(TARGET_NAME)";
				SDKROOT = iphoneos;
				WRAPPER_EXTENSION = octest;
			};
			name = Debug;
		};
		78DCC365140BE4E40048D4F0 /* Release */ = {
			isa = XCBuildConfiguration;
			buildSettings = {
				ARCHS = "$(ARCHS_STANDARD_32_BIT)";
				FRAMEWORK_SEARCH_PATHS = (
					"$(SDKROOT)/Developer/Library/Frameworks",
					"$(DEVELOPER_LIBRARY_DIR)/Frameworks",
				);
				GCC_PRECOMPILE_PREFIX_HEADER = YES;
				GCC_PREFIX_HEADER = "RRFoundation/RRFoundation-Prefix.pch";
				GCC_VERSION = com.apple.compilers.llvmgcc42;
				INFOPLIST_FILE = "RRFoundationTests/RRFoundationTests-Info.plist";
				IPHONEOS_DEPLOYMENT_TARGET = 4.3;
				OTHER_LDFLAGS = "-all_load";
				PRODUCT_NAME = "$(TARGET_NAME)";
				SDKROOT = iphoneos;
				VALIDATE_PRODUCT = YES;
				WRAPPER_EXTENSION = octest;
			};
			name = Release;
		};
/* End XCBuildConfiguration section */

/* Begin XCConfigurationList section */
		78DCC2E3140BE3620048D4F0 /* Build configuration list for PBXProject "RRFoundation" */ = {
			isa = XCConfigurationList;
			buildConfigurations = (
				78DCC313140BE3630048D4F0 /* Debug */,
				78DCC314140BE3630048D4F0 /* Release */,
			);
			defaultConfigurationIsVisible = 0;
			defaultConfigurationName = Release;
		};
		78DCC315140BE3630048D4F0 /* Build configuration list for PBXNativeTarget "RRFoundationFramework" */ = {
			isa = XCConfigurationList;
			buildConfigurations = (
				78DCC316140BE3630048D4F0 /* Debug */,
				78DCC317140BE3630048D4F0 /* Release */,
			);
			defaultConfigurationIsVisible = 0;
			defaultConfigurationName = Release;
		};
		78DCC318140BE3630048D4F0 /* Build configuration list for PBXNativeTarget "RRFoundationFrameworkTests" */ = {
			isa = XCConfigurationList;
			buildConfigurations = (
				78DCC319140BE3630048D4F0 /* Debug */,
				78DCC31A140BE3630048D4F0 /* Release */,
			);
			defaultConfigurationIsVisible = 0;
			defaultConfigurationName = Release;
		};
		78DCC360140BE4E40048D4F0 /* Build configuration list for PBXNativeTarget "RRFoundationLibrary" */ = {
			isa = XCConfigurationList;
			buildConfigurations = (
				78DCC361140BE4E40048D4F0 /* Debug */,
				78DCC362140BE4E40048D4F0 /* Release */,
			);
			defaultConfigurationIsVisible = 0;
			defaultConfigurationName = Release;
		};
		78DCC363140BE4E40048D4F0 /* Build configuration list for PBXNativeTarget "RRFoundationLibraryTests" */ = {
			isa = XCConfigurationList;
			buildConfigurations = (
				78DCC364140BE4E40048D4F0 /* Debug */,
				78DCC365140BE4E40048D4F0 /* Release */,
			);
			defaultConfigurationIsVisible = 0;
			defaultConfigurationName = Release;
		};
/* End XCConfigurationList section */
	};
	rootObject = 78DCC2E0140BE3620048D4F0 /* Project object */;
}
