// !$*UTF8*$!
{
	archiveVersion = 1;
	classes = {
	};
	objectVersion = 46;
	objects = {

/* Begin PBXBuildFile section */
		7840E72F13F512A100788234 /* NSBundle+RRFoundation.h in Headers */ = {isa = PBXBuildFile; fileRef = 7840E72D13F512A100788234 /* NSBundle+RRFoundation.h */; settings = {ATTRIBUTES = (Public, ); }; };
		7840E73013F512A100788234 /* NSBundle+RRFoundation.m in Sources */ = {isa = PBXBuildFile; fileRef = 7840E72E13F512A100788234 /* NSBundle+RRFoundation.m */; };
		7868D2A713FA55AF00BBA1FC /* RRURLForAppDirectory.h in Headers */ = {isa = PBXBuildFile; fileRef = 7868D2A513FA55AF00BBA1FC /* RRURLForAppDirectory.h */; settings = {ATTRIBUTES = (Public, ); }; };
		7868D2A813FA55AF00BBA1FC /* RRURLForAppDirectory.m in Sources */ = {isa = PBXBuildFile; fileRef = 7868D2A613FA55AF00BBA1FC /* RRURLForAppDirectory.m */; };
		7877B4B313F4291B0088EFE0 /* InfoPlist.strings in Resources */ = {isa = PBXBuildFile; fileRef = 7877B4B113F4291B0088EFE0 /* InfoPlist.strings */; };
		7877B4BF13F4291B0088EFE0 /* SenTestingKit.framework in Frameworks */ = {isa = PBXBuildFile; fileRef = 7877B4BE13F4291B0088EFE0 /* SenTestingKit.framework */; };
		7877B4C013F4291B0088EFE0 /* Cocoa.framework in Frameworks */ = {isa = PBXBuildFile; fileRef = 7877B4A813F4291B0088EFE0 /* Cocoa.framework */; };
		7877B4C313F4291B0088EFE0 /* RRFoundation.framework in Frameworks */ = {isa = PBXBuildFile; fileRef = 7877B4A513F4291B0088EFE0 /* RRFoundation.framework */; };
		7877B4C913F4291B0088EFE0 /* InfoPlist.strings in Resources */ = {isa = PBXBuildFile; fileRef = 7877B4C713F4291B0088EFE0 /* InfoPlist.strings */; };
		7877B4CB13F4291B0088EFE0 /* RRFoundationTests.h in Resources */ = {isa = PBXBuildFile; fileRef = 7877B4CA13F4291B0088EFE0 /* RRFoundationTests.h */; };
		7877B4CD13F4291B0088EFE0 /* RRFoundationTests.m in Sources */ = {isa = PBXBuildFile; fileRef = 7877B4CC13F4291B0088EFE0 /* RRFoundationTests.m */; };
		7877B4D813F4297F0088EFE0 /* NSRegularExpression+RRFoundation.h in Headers */ = {isa = PBXBuildFile; fileRef = 7877B4D613F4297F0088EFE0 /* NSRegularExpression+RRFoundation.h */; settings = {ATTRIBUTES = (Public, ); }; };
		7877B4D913F4297F0088EFE0 /* NSRegularExpression+RRFoundation.m in Sources */ = {isa = PBXBuildFile; fileRef = 7877B4D713F4297F0088EFE0 /* NSRegularExpression+RRFoundation.m */; };
		7877B4DB13F429E00088EFE0 /* RRFoundation.h in Headers */ = {isa = PBXBuildFile; fileRef = 7877B4DA13F429E00088EFE0 /* RRFoundation.h */; settings = {ATTRIBUTES = (Public, ); }; };
		7877B4E013F42A280088EFE0 /* RRAppName.h in Headers */ = {isa = PBXBuildFile; fileRef = 7877B4DC13F42A280088EFE0 /* RRAppName.h */; settings = {ATTRIBUTES = (Public, ); }; };
		7877B4E113F42A280088EFE0 /* RRAppName.m in Sources */ = {isa = PBXBuildFile; fileRef = 7877B4DD13F42A280088EFE0 /* RRAppName.m */; };
		7877B4F513F42AEA0088EFE0 /* NSSet+RRFoundation.h in Headers */ = {isa = PBXBuildFile; fileRef = 7877B4F313F42AEA0088EFE0 /* NSSet+RRFoundation.h */; settings = {ATTRIBUTES = (Public, ); }; };
		7877B4F613F42AEA0088EFE0 /* NSSet+RRFoundation.m in Sources */ = {isa = PBXBuildFile; fileRef = 7877B4F413F42AEA0088EFE0 /* NSSet+RRFoundation.m */; };
		78843E2613F42CDC00B569D5 /* Foundation.framework in Frameworks */ = {isa = PBXBuildFile; fileRef = 78843E2513F42CDC00B569D5 /* Foundation.framework */; };
		78EF6E9A13F8747600138A8F /* Versioning.h in Headers */ = {isa = PBXBuildFile; fileRef = 78EF6E9813F8746800138A8F /* Versioning.h */; settings = {ATTRIBUTES = (Public, ); }; };
		78EF6E9B13F8747600138A8F /* Versioning.m in Sources */ = {isa = PBXBuildFile; fileRef = 78EF6E9913F8746800138A8F /* Versioning.m */; };
/* End PBXBuildFile section */

/* Begin PBXContainerItemProxy section */
		7877B4C113F4291B0088EFE0 /* PBXContainerItemProxy */ = {
			isa = PBXContainerItemProxy;
			containerPortal = 7877B49B13F4291B0088EFE0 /* Project object */;
			proxyType = 1;
			remoteGlobalIDString = 7877B4A413F4291B0088EFE0;
			remoteInfo = RRFoundation;
		};
/* End PBXContainerItemProxy section */

/* Begin PBXFileReference section */
		7840E72D13F512A100788234 /* NSBundle+RRFoundation.h */ = {isa = PBXFileReference; fileEncoding = 4; lastKnownFileType = sourcecode.c.h; path = "NSBundle+RRFoundation.h"; sourceTree = "<group>"; };
		7840E72E13F512A100788234 /* NSBundle+RRFoundation.m */ = {isa = PBXFileReference; fileEncoding = 4; lastKnownFileType = sourcecode.c.objc; path = "NSBundle+RRFoundation.m"; sourceTree = "<group>"; };
		7868D2A513FA55AF00BBA1FC /* RRURLForAppDirectory.h */ = {isa = PBXFileReference; fileEncoding = 4; lastKnownFileType = sourcecode.c.h; path = RRURLForAppDirectory.h; sourceTree = "<group>"; };
		7868D2A613FA55AF00BBA1FC /* RRURLForAppDirectory.m */ = {isa = PBXFileReference; fileEncoding = 4; lastKnownFileType = sourcecode.c.objc; path = RRURLForAppDirectory.m; sourceTree = "<group>"; };
		7877B4A513F4291B0088EFE0 /* RRFoundation.framework */ = {isa = PBXFileReference; explicitFileType = wrapper.framework; includeInIndex = 0; path = RRFoundation.framework; sourceTree = BUILT_PRODUCTS_DIR; };
		7877B4A813F4291B0088EFE0 /* Cocoa.framework */ = {isa = PBXFileReference; lastKnownFileType = wrapper.framework; name = Cocoa.framework; path = System/Library/Frameworks/Cocoa.framework; sourceTree = SDKROOT; };
		7877B4AB13F4291B0088EFE0 /* AppKit.framework */ = {isa = PBXFileReference; lastKnownFileType = wrapper.framework; name = AppKit.framework; path = System/Library/Frameworks/AppKit.framework; sourceTree = SDKROOT; };
		7877B4AC13F4291B0088EFE0 /* CoreData.framework */ = {isa = PBXFileReference; lastKnownFileType = wrapper.framework; name = CoreData.framework; path = System/Library/Frameworks/CoreData.framework; sourceTree = SDKROOT; };
		7877B4AD13F4291B0088EFE0 /* Foundation.framework */ = {isa = PBXFileReference; lastKnownFileType = wrapper.framework; name = Foundation.framework; path = System/Library/Frameworks/Foundation.framework; sourceTree = SDKROOT; };
		7877B4B013F4291B0088EFE0 /* RRFoundation-Info.plist */ = {isa = PBXFileReference; lastKnownFileType = text.plist.xml; path = "RRFoundation-Info.plist"; sourceTree = "<group>"; };
		7877B4B213F4291B0088EFE0 /* en */ = {isa = PBXFileReference; lastKnownFileType = text.plist.strings; name = en; path = en.lproj/InfoPlist.strings; sourceTree = "<group>"; };
		7877B4B413F4291B0088EFE0 /* RRFoundation-Prefix.pch */ = {isa = PBXFileReference; lastKnownFileType = sourcecode.c.h; path = "RRFoundation-Prefix.pch"; sourceTree = "<group>"; };
		7877B4BD13F4291B0088EFE0 /* RRFoundationTests.octest */ = {isa = PBXFileReference; explicitFileType = wrapper.cfbundle; includeInIndex = 0; path = RRFoundationTests.octest; sourceTree = BUILT_PRODUCTS_DIR; };
		7877B4BE13F4291B0088EFE0 /* SenTestingKit.framework */ = {isa = PBXFileReference; lastKnownFileType = wrapper.framework; name = SenTestingKit.framework; path = Library/Frameworks/SenTestingKit.framework; sourceTree = DEVELOPER_DIR; };
		7877B4C613F4291B0088EFE0 /* RRFoundationTests-Info.plist */ = {isa = PBXFileReference; lastKnownFileType = text.plist.xml; path = "RRFoundationTests-Info.plist"; sourceTree = "<group>"; };
		7877B4C813F4291B0088EFE0 /* en */ = {isa = PBXFileReference; lastKnownFileType = text.plist.strings; name = en; path = en.lproj/InfoPlist.strings; sourceTree = "<group>"; };
		7877B4CA13F4291B0088EFE0 /* RRFoundationTests.h */ = {isa = PBXFileReference; lastKnownFileType = sourcecode.c.h; path = RRFoundationTests.h; sourceTree = "<group>"; };
		7877B4CC13F4291B0088EFE0 /* RRFoundationTests.m */ = {isa = PBXFileReference; lastKnownFileType = sourcecode.c.objc; path = RRFoundationTests.m; sourceTree = "<group>"; };
		7877B4D613F4297F0088EFE0 /* NSRegularExpression+RRFoundation.h */ = {isa = PBXFileReference; fileEncoding = 4; lastKnownFileType = sourcecode.c.h; path = "NSRegularExpression+RRFoundation.h"; sourceTree = "<group>"; };
		7877B4D713F4297F0088EFE0 /* NSRegularExpression+RRFoundation.m */ = {isa = PBXFileReference; fileEncoding = 4; lastKnownFileType = sourcecode.c.objc; path = "NSRegularExpression+RRFoundation.m"; sourceTree = "<group>"; };
		7877B4DA13F429E00088EFE0 /* RRFoundation.h */ = {isa = PBXFileReference; fileEncoding = 4; lastKnownFileType = sourcecode.c.h; path = RRFoundation.h; sourceTree = "<group>"; };
		7877B4DC13F42A280088EFE0 /* RRAppName.h */ = {isa = PBXFileReference; fileEncoding = 4; lastKnownFileType = sourcecode.c.h; path = RRAppName.h; sourceTree = "<group>"; };
		7877B4DD13F42A280088EFE0 /* RRAppName.m */ = {isa = PBXFileReference; fileEncoding = 4; lastKnownFileType = sourcecode.c.objc; path = RRAppName.m; sourceTree = "<group>"; };
		7877B4F313F42AEA0088EFE0 /* NSSet+RRFoundation.h */ = {isa = PBXFileReference; fileEncoding = 4; lastKnownFileType = sourcecode.c.h; path = "NSSet+RRFoundation.h"; sourceTree = "<group>"; };
		7877B4F413F42AEA0088EFE0 /* NSSet+RRFoundation.m */ = {isa = PBXFileReference; fileEncoding = 4; lastKnownFileType = sourcecode.c.objc; path = "NSSet+RRFoundation.m"; sourceTree = "<group>"; };
		78843E2513F42CDC00B569D5 /* Foundation.framework */ = {isa = PBXFileReference; lastKnownFileType = wrapper.framework; name = Foundation.framework; path = System/Library/Frameworks/Foundation.framework; sourceTree = SDKROOT; };
		78EF6E9813F8746800138A8F /* Versioning.h */ = {isa = PBXFileReference; lastKnownFileType = sourcecode.c.h; path = Versioning.h; sourceTree = "<group>"; };
		78EF6E9913F8746800138A8F /* Versioning.m */ = {isa = PBXFileReference; lastKnownFileType = sourcecode.c.objc; path = Versioning.m; sourceTree = "<group>"; };
/* End PBXFileReference section */

/* Begin PBXFrameworksBuildPhase section */
		7877B4A113F4291B0088EFE0 /* Frameworks */ = {
			isa = PBXFrameworksBuildPhase;
			buildActionMask = 2147483647;
			files = (
				78843E2613F42CDC00B569D5 /* Foundation.framework in Frameworks */,
			);
			runOnlyForDeploymentPostprocessing = 0;
		};
		7877B4B913F4291B0088EFE0 /* Frameworks */ = {
			isa = PBXFrameworksBuildPhase;
			buildActionMask = 2147483647;
			files = (
				7877B4BF13F4291B0088EFE0 /* SenTestingKit.framework in Frameworks */,
				7877B4C013F4291B0088EFE0 /* Cocoa.framework in Frameworks */,
				7877B4C313F4291B0088EFE0 /* RRFoundation.framework in Frameworks */,
			);
			runOnlyForDeploymentPostprocessing = 0;
		};
/* End PBXFrameworksBuildPhase section */

/* Begin PBXGroup section */
		7877B49913F4291B0088EFE0 = {
			isa = PBXGroup;
			children = (
				78843E2513F42CDC00B569D5 /* Foundation.framework */,
				7877B4AE13F4291B0088EFE0 /* RRFoundation */,
				7877B4C413F4291B0088EFE0 /* RRFoundationTests */,
				7877B4A713F4291B0088EFE0 /* Frameworks */,
				7877B4A613F4291B0088EFE0 /* Products */,
			);
			sourceTree = "<group>";
		};
		7877B4A613F4291B0088EFE0 /* Products */ = {
			isa = PBXGroup;
			children = (
				7877B4A513F4291B0088EFE0 /* RRFoundation.framework */,
				7877B4BD13F4291B0088EFE0 /* RRFoundationTests.octest */,
			);
			name = Products;
			sourceTree = "<group>";
		};
		7877B4A713F4291B0088EFE0 /* Frameworks */ = {
			isa = PBXGroup;
			children = (
				7877B4A813F4291B0088EFE0 /* Cocoa.framework */,
				7877B4BE13F4291B0088EFE0 /* SenTestingKit.framework */,
				7877B4AA13F4291B0088EFE0 /* Other Frameworks */,
			);
			name = Frameworks;
			sourceTree = "<group>";
		};
		7877B4AA13F4291B0088EFE0 /* Other Frameworks */ = {
			isa = PBXGroup;
			children = (
				7877B4AB13F4291B0088EFE0 /* AppKit.framework */,
				7877B4AC13F4291B0088EFE0 /* CoreData.framework */,
				7877B4AD13F4291B0088EFE0 /* Foundation.framework */,
			);
			name = "Other Frameworks";
			sourceTree = "<group>";
		};
		7877B4AE13F4291B0088EFE0 /* RRFoundation */ = {
			isa = PBXGroup;
			children = (
				7877B4DA13F429E00088EFE0 /* RRFoundation.h */,
				7877B4DC13F42A280088EFE0 /* RRAppName.h */,
				7877B4DD13F42A280088EFE0 /* RRAppName.m */,
				7868D2A513FA55AF00BBA1FC /* RRURLForAppDirectory.h */,
				7868D2A613FA55AF00BBA1FC /* RRURLForAppDirectory.m */,
				7877B4F313F42AEA0088EFE0 /* NSSet+RRFoundation.h */,
				7877B4F413F42AEA0088EFE0 /* NSSet+RRFoundation.m */,
				7877B4D613F4297F0088EFE0 /* NSRegularExpression+RRFoundation.h */,
				7877B4D713F4297F0088EFE0 /* NSRegularExpression+RRFoundation.m */,
				7840E72D13F512A100788234 /* NSBundle+RRFoundation.h */,
				7840E72E13F512A100788234 /* NSBundle+RRFoundation.m */,
				78EF6E9813F8746800138A8F /* Versioning.h */,
				78EF6E9913F8746800138A8F /* Versioning.m */,
				7877B4AF13F4291B0088EFE0 /* Supporting Files */,
			);
			path = RRFoundation;
			sourceTree = "<group>";
		};
		7877B4AF13F4291B0088EFE0 /* Supporting Files */ = {
			isa = PBXGroup;
			children = (
				7877B4B013F4291B0088EFE0 /* RRFoundation-Info.plist */,
				7877B4B113F4291B0088EFE0 /* InfoPlist.strings */,
				7877B4B413F4291B0088EFE0 /* RRFoundation-Prefix.pch */,
			);
			name = "Supporting Files";
			sourceTree = "<group>";
		};
		7877B4C413F4291B0088EFE0 /* RRFoundationTests */ = {
			isa = PBXGroup;
			children = (
				7877B4CA13F4291B0088EFE0 /* RRFoundationTests.h */,
				7877B4CC13F4291B0088EFE0 /* RRFoundationTests.m */,
				7877B4C513F4291B0088EFE0 /* Supporting Files */,
			);
			path = RRFoundationTests;
			sourceTree = "<group>";
		};
		7877B4C513F4291B0088EFE0 /* Supporting Files */ = {
			isa = PBXGroup;
			children = (
				7877B4C613F4291B0088EFE0 /* RRFoundationTests-Info.plist */,
				7877B4C713F4291B0088EFE0 /* InfoPlist.strings */,
			);
			name = "Supporting Files";
			sourceTree = "<group>";
		};
/* End PBXGroup section */

/* Begin PBXHeadersBuildPhase section */
		7877B4A213F4291B0088EFE0 /* Headers */ = {
			isa = PBXHeadersBuildPhase;
			buildActionMask = 2147483647;
			files = (
				7877B4D813F4297F0088EFE0 /* NSRegularExpression+RRFoundation.h in Headers */,
				7877B4DB13F429E00088EFE0 /* RRFoundation.h in Headers */,
				7877B4E013F42A280088EFE0 /* RRAppName.h in Headers */,
				7877B4F513F42AEA0088EFE0 /* NSSet+RRFoundation.h in Headers */,
				7840E72F13F512A100788234 /* NSBundle+RRFoundation.h in Headers */,
				78EF6E9A13F8747600138A8F /* Versioning.h in Headers */,
				7868D2A713FA55AF00BBA1FC /* RRURLForAppDirectory.h in Headers */,
			);
			runOnlyForDeploymentPostprocessing = 0;
		};
/* End PBXHeadersBuildPhase section */

/* Begin PBXNativeTarget section */
		7877B4A413F4291B0088EFE0 /* RRFoundation */ = {
			isa = PBXNativeTarget;
			buildConfigurationList = 7877B4D013F4291B0088EFE0 /* Build configuration list for PBXNativeTarget "RRFoundation" */;
			buildPhases = (
				7877B4A013F4291B0088EFE0 /* Sources */,
				7877B4A113F4291B0088EFE0 /* Frameworks */,
				7877B4A213F4291B0088EFE0 /* Headers */,
				7877B4A313F4291B0088EFE0 /* Resources */,
			);
			buildRules = (
			);
			dependencies = (
			);
			name = RRFoundation;
			productName = RRFoundation;
			productReference = 7877B4A513F4291B0088EFE0 /* RRFoundation.framework */;
			productType = "com.apple.product-type.framework";
		};
		7877B4BC13F4291B0088EFE0 /* RRFoundationTests */ = {
			isa = PBXNativeTarget;
			buildConfigurationList = 7877B4D313F4291B0088EFE0 /* Build configuration list for PBXNativeTarget "RRFoundationTests" */;
			buildPhases = (
				7877B4B813F4291B0088EFE0 /* Sources */,
				7877B4B913F4291B0088EFE0 /* Frameworks */,
				7877B4BA13F4291B0088EFE0 /* Resources */,
				7877B4BB13F4291B0088EFE0 /* ShellScript */,
			);
			buildRules = (
			);
			dependencies = (
				7877B4C213F4291B0088EFE0 /* PBXTargetDependency */,
			);
			name = RRFoundationTests;
			productName = RRFoundationTests;
			productReference = 7877B4BD13F4291B0088EFE0 /* RRFoundationTests.octest */;
			productType = "com.apple.product-type.bundle";
		};
/* End PBXNativeTarget section */

/* Begin PBXProject section */
		7877B49B13F4291B0088EFE0 /* Project object */ = {
			isa = PBXProject;
			attributes = {
				ORGANIZATIONNAME = "Pioneering Software, United Kingdom";
			};
			buildConfigurationList = 7877B49E13F4291B0088EFE0 /* Build configuration list for PBXProject "RRFoundation" */;
			compatibilityVersion = "Xcode 3.2";
			developmentRegion = English;
			hasScannedForEncodings = 0;
			knownRegions = (
				en,
			);
			mainGroup = 7877B49913F4291B0088EFE0;
			productRefGroup = 7877B4A613F4291B0088EFE0 /* Products */;
			projectDirPath = "";
			projectRoot = "";
			targets = (
				7877B4A413F4291B0088EFE0 /* RRFoundation */,
				7877B4BC13F4291B0088EFE0 /* RRFoundationTests */,
			);
		};
/* End PBXProject section */

/* Begin PBXResourcesBuildPhase section */
		7877B4A313F4291B0088EFE0 /* Resources */ = {
			isa = PBXResourcesBuildPhase;
			buildActionMask = 2147483647;
			files = (
				7877B4B313F4291B0088EFE0 /* InfoPlist.strings in Resources */,
			);
			runOnlyForDeploymentPostprocessing = 0;
		};
		7877B4BA13F4291B0088EFE0 /* Resources */ = {
			isa = PBXResourcesBuildPhase;
			buildActionMask = 2147483647;
			files = (
				7877B4C913F4291B0088EFE0 /* InfoPlist.strings in Resources */,
				7877B4CB13F4291B0088EFE0 /* RRFoundationTests.h in Resources */,
			);
			runOnlyForDeploymentPostprocessing = 0;
		};
/* End PBXResourcesBuildPhase section */

/* Begin PBXShellScriptBuildPhase section */
		7877B4BB13F4291B0088EFE0 /* ShellScript */ = {
			isa = PBXShellScriptBuildPhase;
			buildActionMask = 2147483647;
			files = (
			);
			inputPaths = (
			);
			outputPaths = (
			);
			runOnlyForDeploymentPostprocessing = 0;
			shellPath = /bin/sh;
			shellScript = "# Run the unit tests in this test bundle.\n\"${SYSTEM_DEVELOPER_DIR}/Tools/RunUnitTests\"\n";
		};
/* End PBXShellScriptBuildPhase section */

/* Begin PBXSourcesBuildPhase section */
		7877B4A013F4291B0088EFE0 /* Sources */ = {
			isa = PBXSourcesBuildPhase;
			buildActionMask = 2147483647;
			files = (
				7877B4D913F4297F0088EFE0 /* NSRegularExpression+RRFoundation.m in Sources */,
				7877B4E113F42A280088EFE0 /* RRAppName.m in Sources */,
				7877B4F613F42AEA0088EFE0 /* NSSet+RRFoundation.m in Sources */,
				7840E73013F512A100788234 /* NSBundle+RRFoundation.m in Sources */,
				78EF6E9B13F8747600138A8F /* Versioning.m in Sources */,
				7868D2A813FA55AF00BBA1FC /* RRURLForAppDirectory.m in Sources */,
			);
			runOnlyForDeploymentPostprocessing = 0;
		};
		7877B4B813F4291B0088EFE0 /* Sources */ = {
			isa = PBXSourcesBuildPhase;
			buildActionMask = 2147483647;
			files = (
				7877B4CD13F4291B0088EFE0 /* RRFoundationTests.m in Sources */,
			);
			runOnlyForDeploymentPostprocessing = 0;
		};
/* End PBXSourcesBuildPhase section */

/* Begin PBXTargetDependency section */
		7877B4C213F4291B0088EFE0 /* PBXTargetDependency */ = {
			isa = PBXTargetDependency;
			target = 7877B4A413F4291B0088EFE0 /* RRFoundation */;
			targetProxy = 7877B4C113F4291B0088EFE0 /* PBXContainerItemProxy */;
		};
/* End PBXTargetDependency section */

/* Begin PBXVariantGroup section */
		7877B4B113F4291B0088EFE0 /* InfoPlist.strings */ = {
			isa = PBXVariantGroup;
			children = (
				7877B4B213F4291B0088EFE0 /* en */,
			);
			name = InfoPlist.strings;
			sourceTree = "<group>";
		};
		7877B4C713F4291B0088EFE0 /* InfoPlist.strings */ = {
			isa = PBXVariantGroup;
			children = (
				7877B4C813F4291B0088EFE0 /* en */,
			);
			name = InfoPlist.strings;
			sourceTree = "<group>";
		};
/* End PBXVariantGroup section */

/* Begin XCBuildConfiguration section */
		7877B4CE13F4291B0088EFE0 /* Debug */ = {
			isa = XCBuildConfiguration;
			buildSettings = {
				ALWAYS_SEARCH_USER_PATHS = NO;
				ARCHS = "$(ARCHS_STANDARD_32_64_BIT)";
				CODE_SIGN_IDENTITY = "3rd Party Mac Developer Application";
				COPY_PHASE_STRIP = NO;
				CURRENT_PROJECT_VERSION = 11.0;
				GCC_C_LANGUAGE_STANDARD = gnu99;
				GCC_DYNAMIC_NO_PIC = NO;
				GCC_ENABLE_OBJC_EXCEPTIONS = YES;
				GCC_ENABLE_OBJC_GC = supported;
				GCC_OPTIMIZATION_LEVEL = 0;
				GCC_PREPROCESSOR_DEFINITIONS = (
					"DEBUG=1",
					"$(inherited)",
				);
				GCC_SYMBOLS_PRIVATE_EXTERN = NO;
				GCC_VERSION = com.apple.compilers.llvm.clang.1_0;
				GCC_WARN_64_TO_32_BIT_CONVERSION = YES;
				GCC_WARN_ABOUT_MISSING_PROTOTYPES = YES;
				GCC_WARN_ABOUT_RETURN_TYPE = YES;
				GCC_WARN_UNUSED_VARIABLE = YES;
				MACOSX_DEPLOYMENT_TARGET = 10.7;
				ONLY_ACTIVE_ARCH = YES;
				PROVISIONING_PROFILE = "";
				SDKROOT = macosx;
				VERSIONING_SYSTEM = "apple-generic";
				VERSION_INFO_PREFIX = k;
			};
			name = Debug;
		};
		7877B4CF13F4291B0088EFE0 /* Release */ = {
			isa = XCBuildConfiguration;
			buildSettings = {
				ALWAYS_SEARCH_USER_PATHS = NO;
				ARCHS = "$(ARCHS_STANDARD_32_64_BIT)";
				CODE_SIGN_IDENTITY = "3rd Party Mac Developer Application";
				COPY_PHASE_STRIP = YES;
				CURRENT_PROJECT_VERSION = 11.0;
				DEBUG_INFORMATION_FORMAT = "dwarf-with-dsym";
				GCC_C_LANGUAGE_STANDARD = gnu99;
				GCC_ENABLE_OBJC_EXCEPTIONS = YES;
				GCC_ENABLE_OBJC_GC = supported;
				GCC_VERSION = com.apple.compilers.llvm.clang.1_0;
				GCC_WARN_64_TO_32_BIT_CONVERSION = YES;
				GCC_WARN_ABOUT_MISSING_PROTOTYPES = YES;
				GCC_WARN_ABOUT_RETURN_TYPE = YES;
				GCC_WARN_UNUSED_VARIABLE = YES;
				MACOSX_DEPLOYMENT_TARGET = 10.7;
				PROVISIONING_PROFILE = "";
				SDKROOT = macosx;
				VERSIONING_SYSTEM = "apple-generic";
				VERSION_INFO_PREFIX = k;
			};
			name = Release;
		};
		7877B4D113F4291B0088EFE0 /* Debug */ = {
			isa = XCBuildConfiguration;
			buildSettings = {
				DYLIB_COMPATIBILITY_VERSION = 1;
				DYLIB_CURRENT_VERSION = 11.0;
				FRAMEWORK_VERSION = A;
				GCC_PRECOMPILE_PREFIX_HEADER = YES;
				GCC_PREFIX_HEADER = "RRFoundation/RRFoundation-Prefix.pch";
				INFOPLIST_FILE = "RRFoundation/RRFoundation-Info.plist";
				LOCAL_LIBRARY_DIR = "@executable_path/..";
				PRODUCT_NAME = "$(TARGET_NAME)";
				WRAPPER_EXTENSION = framework;
			};
			name = Debug;
		};
		7877B4D213F4291B0088EFE0 /* Release */ = {
			isa = XCBuildConfiguration;
			buildSettings = {
				DYLIB_COMPATIBILITY_VERSION = 1;
				DYLIB_CURRENT_VERSION = 11.0;
				FRAMEWORK_VERSION = A;
				GCC_PRECOMPILE_PREFIX_HEADER = YES;
				GCC_PREFIX_HEADER = "RRFoundation/RRFoundation-Prefix.pch";
				INFOPLIST_FILE = "RRFoundation/RRFoundation-Info.plist";
				LOCAL_LIBRARY_DIR = "@executable_path/..";
				PRODUCT_NAME = "$(TARGET_NAME)";
				WRAPPER_EXTENSION = framework;
			};
			name = Release;
		};
		7877B4D413F4291B0088EFE0 /* Debug */ = {
			isa = XCBuildConfiguration;
			buildSettings = {
				FRAMEWORK_SEARCH_PATHS = "$(DEVELOPER_LIBRARY_DIR)/Frameworks";
				GCC_PRECOMPILE_PREFIX_HEADER = YES;
				GCC_PREFIX_HEADER = "RRFoundation/RRFoundation-Prefix.pch";
				INFOPLIST_FILE = "RRFoundationTests/RRFoundationTests-Info.plist";
				PRODUCT_NAME = "$(TARGET_NAME)";
				WRAPPER_EXTENSION = octest;
			};
			name = Debug;
		};
		7877B4D513F4291B0088EFE0 /* Release */ = {
			isa = XCBuildConfiguration;
			buildSettings = {
				FRAMEWORK_SEARCH_PATHS = "$(DEVELOPER_LIBRARY_DIR)/Frameworks";
				GCC_PRECOMPILE_PREFIX_HEADER = YES;
				GCC_PREFIX_HEADER = "RRFoundation/RRFoundation-Prefix.pch";
				INFOPLIST_FILE = "RRFoundationTests/RRFoundationTests-Info.plist";
				PRODUCT_NAME = "$(TARGET_NAME)";
				WRAPPER_EXTENSION = octest;
			};
			name = Release;
		};
/* End XCBuildConfiguration section */

/* Begin XCConfigurationList section */
		7877B49E13F4291B0088EFE0 /* Build configuration list for PBXProject "RRFoundation" */ = {
			isa = XCConfigurationList;
			buildConfigurations = (
				7877B4CE13F4291B0088EFE0 /* Debug */,
				7877B4CF13F4291B0088EFE0 /* Release */,
			);
			defaultConfigurationIsVisible = 0;
			defaultConfigurationName = Release;
		};
		7877B4D013F4291B0088EFE0 /* Build configuration list for PBXNativeTarget "RRFoundation" */ = {
			isa = XCConfigurationList;
			buildConfigurations = (
				7877B4D113F4291B0088EFE0 /* Debug */,
				7877B4D213F4291B0088EFE0 /* Release */,
			);
			defaultConfigurationIsVisible = 0;
			defaultConfigurationName = Release;
		};
		7877B4D313F4291B0088EFE0 /* Build configuration list for PBXNativeTarget "RRFoundationTests" */ = {
			isa = XCConfigurationList;
			buildConfigurations = (
				7877B4D413F4291B0088EFE0 /* Debug */,
				7877B4D513F4291B0088EFE0 /* Release */,
			);
			defaultConfigurationIsVisible = 0;
			defaultConfigurationName = Release;
		};
/* End XCConfigurationList section */
	};
	rootObject = 7877B49B13F4291B0088EFE0 /* Project object */;
}
